
Microsoft Visual Studio Solution File, Format Version 12.00
Project("{FAE04EC0-301F-11D3-BF4B-00C04F79EFBC}") = "BuffSystem", "BuffSystem\BuffSystem.csproj", "{275E125F-03E8-4CAF-A008-6597BA3FACA3}"
EndProject
Global
	GlobalSection(SolutionConfigurationPlatforms) = preSolution
		Debug|Any CPU = Debug|Any CPU
		Release|Any CPU = Release|Any CPU
	EndGlobalSection
	GlobalSection(ProjectConfigurationPlatforms) = postSolution
		{275E125F-03E8-4CAF-A008-6597BA3FACA3}.Debug|Any CPU.ActiveCfg = Debug|Any CPU
		{275E125F-03E8-4CAF-A008-6597BA3FACA3}.Debug|Any CPU.Build.0 = Debug|Any CPU
		{275E125F-03E8-4CAF-A008-6597BA3FACA3}.Release|Any CPU.ActiveCfg = Release|Any CPU
		{275E125F-03E8-4CAF-A008-6597BA3FACA3}.Release|Any CPU.Build.0 = Release|Any CPU
	EndGlobalSection
EndGlobal
